# THIS IS AN AUTOGENERATED FILE. DO NOT EDIT THIS FILE DIRECTLY.
# yarn lockfile v1


history@^3.0.0:
  version "3.2.1"
  resolved "https://registry.yarnpkg.com/history/-/history-3.2.1.tgz#71c7497f4e6090363d19a6713bb52a1bfcdd99aa"
  dependencies:
    invariant "^2.2.1"
    loose-envify "^1.2.0"
    query-string "^4.2.2"
    warning "^3.0.0"

hoist-non-react-statics@^1.2.0:
  version "1.2.0"
  resolved "https://registry.yarnpkg.com/hoist-non-react-statics/-/hoist-non-react-statics-1.2.0.tgz#aa448cf0986d55cc40773b17174b7dd066cb7cfb"

invariant@^2.2.1:
  version "2.2.2"
  resolved "https://registry.yarnpkg.com/invariant/-/invariant-2.2.2.tgz#9e1f56ac0acdb6bf303306f338be3b204ae60360"
  dependencies:
    loose-envify "^1.0.0"

js-tokens@^3.0.0:
  version "3.0.1"
  resolved "https://registry.yarnpkg.com/js-tokens/-/js-tokens-3.0.1.tgz#08e9f132484a2c45a30907e9dc4d5567b7f114d7"

loose-envify@^1.0.0, loose-envify@^1.2.0:
  version "1.3.1"
  resolved "https://registry.yarnpkg.com/loose-envify/-/loose-envify-1.3.1.tgz#d1a8ad33fa9ce0e713d65fdd0ac8b748d478c848"
  dependencies:
    js-tokens "^3.0.0"

object-assign@^4.1.0:
  version "4.1.1"
  resolved "https://registry.yarnpkg.com/object-assign/-/object-assign-4.1.1.tgz#2109adc7965887cfc05cbbd442cac8bfbb360863"

query-string@^4.2.2:
  version "4.3.2"
  resolved "https://registry.yarnpkg.com/query-string/-/query-string-4.3.2.tgz#ec0fd765f58a50031a3968c2431386f8947a5cdd"
  dependencies:
    object-assign "^4.1.0"
    strict-uri-encode "^1.0.0"

react-router@^3.0.2:
  version "3.0.2"
  resolved "https://registry.yarnpkg.com/react-router/-/react-router-3.0.2.tgz#5a19156678810e01d81901f9c0fef63284b8a514"
  dependencies:
    history "^3.0.0"
    hoist-non-react-statics "^1.2.0"
    invariant "^2.2.1"
    loose-envify "^1.2.0"
    warning "^3.0.0"

strict-uri-encode@^1.0.0:
  version "1.1.0"
  resolved "https://registry.yarnpkg.com/strict-uri-encode/-/strict-uri-encode-1.1.0.tgz#279b225df1d582b1f54e65addd4352e18faa0713"

warning@^3.0.0:
  version "3.0.0"
  resolved "https://registry.yarnpkg.com/warning/-/warning-3.0.0.tgz#32e5377cb572de4ab04753bdf8821c01ed605b7c"
  dependencies:
    loose-envify "^1.0.0"
